// !$*UTF8*$!
{
	archiveVersion = 1;
	classes = {
	};
	objectVersion = 56;
	objects = {

/* Begin PBXBuildFile section */
		E7A74EC62DED9325006338F4 /* iOS_projectApp.swift in Sources */ = {isa = PBXBuildFile; fileRef = E7A74EC52DED9325006338F4 /* iOS_projectApp.swift */; };
		E7A74EC82DED9325006338F4 /* ContentView.swift in Sources */ = {isa = PBXBuildFile; fileRef = E7A74EC72DED9325006338F4 /* ContentView.swift */; };
		E7A74ECA2DED9327006338F4 /* Assets.xcassets in Resources */ = {isa = PBXBuildFile; fileRef = E7A74EC92DED9327006338F4 /* Assets.xcassets */; };
		E7A74ECD2DED9327006338F4 /* Preview Assets.xcassets in Resources */ = {isa = PBXBuildFile; fileRef = E7A74ECC2DED9327006338F4 /* Preview Assets.xcassets */; };
		E7A74ED72DED9327006338F4 /* iOS_projectTests.swift in Sources */ = {isa = PBXBuildFile; fileRef = E7A74ED62DED9327006338F4 /* iOS_projectTests.swift */; };
		E7A74EE12DED9327006338F4 /* iOS_projectUITests.swift in Sources */ = {isa = PBXBuildFile; fileRef = E7A74EE02DED9327006338F4 /* iOS_projectUITests.swift */; };
		E7A74EE32DED9327006338F4 /* iOS_projectUITestsLaunchTests.swift in Sources */ = {isa = PBXBuildFile; fileRef = E7A74EE22DED9327006338F4 /* iOS_projectUITestsLaunchTests.swift */; };
/* End PBXBuildFile section */

/* Begin PBXContainerItemProxy section */
		E7A74ED32DED9327006338F4 /* PBXContainerItemProxy */ = {
			isa = PBXContainerItemProxy;
			containerPortal = E7A74EBA2DED9325006338F4 /* Project object */;
			proxyType = 1;
			remoteGlobalIDString = E7A74EC12DED9325006338F4;
			remoteInfo = iOS_project;
		};
		E7A74EDD2DED9327006338F4 /* PBXContainerItemProxy */ = {
			isa = PBXContainerItemProxy;
			containerPortal = E7A74EBA2DED9325006338F4 /* Project object */;
			proxyType = 1;
			remoteGlobalIDString = E7A74EC12DED9325006338F4;
			remoteInfo = iOS_project;
		};
/* End PBXContainerItemProxy section */

/* Begin PBXFileReference section */
		E7A74EC22DED9325006338F4 /* iOS_project.app */ = {isa = PBXFileReference; explicitFileType = wrapper.application; includeInIndex = 0; path = iOS_project.app; sourceTree = BUILT_PRODUCTS_DIR; };
		E7A74EC52DED9325006338F4 /* iOS_projectApp.swift */ = {isa = PBXFileReference; lastKnownFileType = sourcecode.swift; path = iOS_projectApp.swift; sourceTree = "<group>"; };
		E7A74EC72DED9325006338F4 /* ContentView.swift */ = {isa = PBXFileReference; lastKnownFileType = sourcecode.swift; path = ContentView.swift; sourceTree = "<group>"; };
		E7A74EC92DED9327006338F4 /* Assets.xcassets */ = {isa = PBXFileReference; lastKnownFileType = folder.assetcatalog; path = Assets.xcassets; sourceTree = "<group>"; };
		E7A74ECC2DED9327006338F4 /* Preview Assets.xcassets */ = {isa = PBXFileReference; lastKnownFileType = folder.assetcatalog; path = "Preview Assets.xcassets"; sourceTree = "<group>"; };
		E7A74ED22DED9327006338F4 /* iOS_projectTests.xctest */ = {isa = PBXFileReference; explicitFileType = wrapper.cfbundle; includeInIndex = 0; path = iOS_projectTests.xctest; sourceTree = BUILT_PRODUCTS_DIR; };
		E7A74ED62DED9327006338F4 /* iOS_projectTests.swift */ = {isa = PBXFileReference; lastKnownFileType = sourcecode.swift; path = iOS_projectTests.swift; sourceTree = "<group>"; };
		E7A74EDC2DED9327006338F4 /* iOS_projectUITests.xctest */ = {isa = PBXFileReference; explicitFileType = wrapper.cfbundle; includeInIndex = 0; path = iOS_projectUITests.xctest; sourceTree = BUILT_PRODUCTS_DIR; };
		E7A74EE02DED9327006338F4 /* iOS_projectUITests.swift */ = {isa = PBXFileReference; lastKnownFileType = sourcecode.swift; path = iOS_projectUITests.swift; sourceTree = "<group>"; };
		E7A74EE22DED9327006338F4 /* iOS_projectUITestsLaunchTests.swift */ = {isa = PBXFileReference; lastKnownFileType = sourcecode.swift; path = iOS_projectUITestsLaunchTests.swift; sourceTree = "<group>"; };
/* End PBXFileReference section */

/* Begin PBXFrameworksBuildPhase section */
		E7A74EBF2DED9325006338F4 /* Frameworks */ = {
			isa = PBXFrameworksBuildPhase;
			buildActionMask = 2147483647;
			files = (
			);
			runOnlyForDeploymentPostprocessing = 0;
		};
		E7A74ECF2DED9327006338F4 /* Frameworks */ = {
			isa = PBXFrameworksBuildPhase;
			buildActionMask = 2147483647;
			files = (
			);
			runOnlyForDeploymentPostprocessing = 0;
		};
		E7A74ED92DED9327006338F4 /* Frameworks */ = {
			isa = PBXFrameworksBuildPhase;
			buildActionMask = 2147483647;
			files = (
			);
			runOnlyForDeploymentPostprocessing = 0;
		};
/* End PBXFrameworksBuildPhase section */

/* Begin PBXGroup section */
		E7A74EB92DED9325006338F4 = {
			isa = PBXGroup;
			children = (
				E7A74EC42DED9325006338F4 /* iOS_project */,
				E7A74ED52DED9327006338F4 /* iOS_projectTests */,
				E7A74EDF2DED9327006338F4 /* iOS_projectUITests */,
				E7A74EC32DED9325006338F4 /* Products */,
			);
			sourceTree = "<group>";
		};
		E7A74EC32DED9325006338F4 /* Products */ = {
			isa = PBXGroup;
			children = (
				E7A74EC22DED9325006338F4 /* iOS_project.app */,
				E7A74ED22DED9327006338F4 /* iOS_projectTests.xctest */,
				E7A74EDC2DED9327006338F4 /* iOS_projectUITests.xctest */,
			);
			name = Products;
			sourceTree = "<group>";
		};
		E7A74EC42DED9325006338F4 /* iOS_project */ = {
			isa = PBXGroup;
			children = (
				E7A74EC52DED9325006338F4 /* iOS_projectApp.swift */,
				E7A74EC72DED9325006338F4 /* ContentView.swift */,
				E7A74EC92DED9327006338F4 /* Assets.xcassets */,
				E7A74ECB2DED9327006338F4 /* Preview Content */,
			);
			path = iOS_project;
			sourceTree = "<group>";
		};
		E7A74ECB2DED9327006338F4 /* Preview Content */ = {
			isa = PBXGroup;
			children = (
				E7A74ECC2DED9327006338F4 /* Preview Assets.xcassets */,
			);
			path = "Preview Content";
			sourceTree = "<group>";
		};
		E7A74ED52DED9327006338F4 /* iOS_projectTests */ = {
			isa = PBXGroup;
			children = (
				E7A74ED62DED9327006338F4 /* iOS_projectTests.swift */,
			);
			path = iOS_projectTests;
			sourceTree = "<group>";
		};
		E7A74EDF2DED9327006338F4 /* iOS_projectUITests */ = {
			isa = PBXGroup;
			children = (
				E7A74EE02DED9327006338F4 /* iOS_projectUITests.swift */,
				E7A74EE22DED9327006338F4 /* iOS_projectUITestsLaunchTests.swift */,
			);
			path = iOS_projectUITests;
			sourceTree = "<group>";
		};
/* End PBXGroup section */

/* Begin PBXNativeTarget section */
		E7A74EC12DED9325006338F4 /* iOS_project */ = {
			isa = PBXNativeTarget;
			buildConfigurationList = E7A74EE62DED9327006338F4 /* Build configuration list for PBXNativeTarget "iOS_project" */;
			buildPhases = (
				E7A74EBE2DED9325006338F4 /* Sources */,
				E7A74EBF2DED9325006338F4 /* Frameworks */,
				E7A74EC02DED9325006338F4 /* Resources */,
			);
			buildRules = (
			);
			dependencies = (
			);
			name = iOS_project;
			productName = iOS_project;
			productReference = E7A74EC22DED9325006338F4 /* iOS_project.app */;
			productType = "com.apple.product-type.application";
		};
		E7A74ED12DED9327006338F4 /* iOS_projectTests */ = {
			isa = PBXNativeTarget;
			buildConfigurationList = E7A74EE92DED9327006338F4 /* Build configuration list for PBXNativeTarget "iOS_projectTests" */;
			buildPhases = (
				E7A74ECE2DED9327006338F4 /* Sources */,
				E7A74ECF2DED9327006338F4 /* Frameworks */,
				E7A74ED02DED9327006338F4 /* Resources */,
			);
			buildRules = (
			);
			dependencies = (
				E7A74ED42DED9327006338F4 /* PBXTargetDependency */,
			);
			name = iOS_projectTests;
			productName = iOS_projectTests;
			productReference = E7A74ED22DED9327006338F4 /* iOS_projectTests.xctest */;
			productType = "com.apple.product-type.bundle.unit-test";
		};
		E7A74EDB2DED9327006338F4 /* iOS_projectUITests */ = {
			isa = PBXNativeTarget;
			buildConfigurationList = E7A74EEC2DED9327006338F4 /* Build configuration list for PBXNativeTarget "iOS_projectUITests" */;
			buildPhases = (
				E7A74ED82DED9327006338F4 /* Sources */,
				E7A74ED92DED9327006338F4 /* Frameworks */,
				E7A74EDA2DED9327006338F4 /* Resources */,
			);
			buildRules = (
			);
			dependencies = (
				E7A74EDE2DED9327006338F4 /* PBXTargetDependency */,
			);
			name = iOS_projectUITests;
			productName = iOS_projectUITests;
			productReference = E7A74EDC2DED9327006338F4 /* iOS_projectUITests.xctest */;
			productType = "com.apple.product-type.bundle.ui-testing";
		};
/* End PBXNativeTarget section */

/* Begin PBXProject section */
		E7A74EBA2DED9325006338F4 /* Project object */ = {
			isa = PBXProject;
			attributes = {
				BuildIndependentTargetsInParallel = 1;
				LastSwiftUpdateCheck = 1530;
				LastUpgradeCheck = 1530;
				TargetAttributes = {
					E7A74EC12DED9325006338F4 = {
						CreatedOnToolsVersion = 15.3;
					};
					E7A74ED12DED9327006338F4 = {
						CreatedOnToolsVersion = 15.3;
						TestTargetID = E7A74EC12DED9325006338F4;
					};
					E7A74EDB2DED9327006338F4 = {
						CreatedOnToolsVersion = 15.3;
						TestTargetID = E7A74EC12DED9325006338F4;
					};
				};
			};
			buildConfigurationList = E7A74EBD2DED9325006338F4 /* Build configuration list for PBXProject "iOS_project" */;
			compatibilityVersion = "Xcode 14.0";
			developmentRegion = en;
			hasScannedForEncodings = 0;
			knownRegions = (
				en,
				Base,
			);
			mainGroup = E7A74EB92DED9325006338F4;
			productRefGroup = E7A74EC32DED9325006338F4 /* Products */;
			projectDirPath = "";
			projectRoot = "";
			targets = (
				E7A74EC12DED9325006338F4 /* iOS_project */,
				E7A74ED12DED9327006338F4 /* iOS_projectTests */,
				E7A74EDB2DED9327006338F4 /* iOS_projectUITests */,
			);
		};
/* End PBXProject section */

/* Begin PBXResourcesBuildPhase section */
		E7A74EC02DED9325006338F4 /* Resources */ = {
			isa = PBXResourcesBuildPhase;
			buildActionMask = 2147483647;
			files = (
				E7A74ECD2DED9327006338F4 /* Preview Assets.xcassets in Resources */,
				E7A74ECA2DED9327006338F4 /* Assets.xcassets in Resources */,
			);
			runOnlyForDeploymentPostprocessing = 0;
		};
		E7A74ED02DED9327006338F4 /* Resources */ = {
			isa = PBXResourcesBuildPhase;
			buildActionMask = 2147483647;
			files = (
			);
			runOnlyForDeploymentPostprocessing = 0;
		};
		E7A74EDA2DED9327006338F4 /* Resources */ = {
			isa = PBXResourcesBuildPhase;
			buildActionMask = 2147483647;
			files = (
			);
			runOnlyForDeploymentPostprocessing = 0;
		};
/* End PBXResourcesBuildPhase section */

/* Begin PBXSourcesBuildPhase section */
		E7A74EBE2DED9325006338F4 /* Sources */ = {
			isa = PBXSourcesBuildPhase;
			buildActionMask = 2147483647;
			files = (
				E7A74EC82DED9325006338F4 /* ContentView.swift in Sources */,
				E7A74EC62DED9325006338F4 /* iOS_projectApp.swift in Sources */,
			);
			runOnlyForDeploymentPostprocessing = 0;
		};
		E7A74ECE2DED9327006338F4 /* Sources */ = {
			isa = PBXSourcesBuildPhase;
			buildActionMask = 2147483647;
			files = (
				E7A74ED72DED9327006338F4 /* iOS_projectTests.swift in Sources */,
			);
			runOnlyForDeploymentPostprocessing = 0;
		};
		E7A74ED82DED9327006338F4 /* Sources */ = {
			isa = PBXSourcesBuildPhase;
			buildActionMask = 2147483647;
			files = (
				E7A74EE32DED9327006338F4 /* iOS_projectUITestsLaunchTests.swift in Sources */,
				E7A74EE12DED9327006338F4 /* iOS_projectUITests.swift in Sources */,
			);
			runOnlyForDeploymentPostprocessing = 0;
		};
/* End PBXSourcesBuildPhase section */

/* Begin PBXTargetDependency section */
		E7A74ED42DED9327006338F4 /* PBXTargetDependency */ = {
			isa = PBXTargetDependency;
			target = E7A74EC12DED9325006338F4 /* iOS_project */;
			targetProxy = E7A74ED32DED9327006338F4 /* PBXContainerItemProxy */;
		};
		E7A74EDE2DED9327006338F4 /* PBXTargetDependency */ = {
			isa = PBXTargetDependency;
			target = E7A74EC12DED9325006338F4 /* iOS_project */;
			targetProxy = E7A74EDD2DED9327006338F4 /* PBXContainerItemProxy */;
		};
/* End PBXTargetDependency section */

/* Begin XCBuildConfiguration section */
		E7A74EE42DED9327006338F4 /* Debug */ = {
			isa = XCBuildConfiguration;
			buildSettings = {
				ALWAYS_SEARCH_USER_PATHS = NO;
				ASSETCATALOG_COMPILER_GENERATE_SWIFT_ASSET_SYMBOL_EXTENSIONS = YES;
				CLANG_ANALYZER_NONNULL = YES;
				CLANG_ANALYZER_NUMBER_OBJECT_CONVERSION = YES_AGGRESSIVE;
				CLANG_CXX_LANGUAGE_STANDARD = "gnu++20";
				CLANG_ENABLE_MODULES = YES;
				CLANG_ENABLE_OBJC_ARC = YES;
				CLANG_ENABLE_OBJC_WEAK = YES;
				CLANG_WARN_BLOCK_CAPTURE_AUTORELEASING = YES;
				CLANG_WARN_BOOL_CONVERSION = YES;
				CLANG_WARN_COMMA = YES;
				CLANG_WARN_CONSTANT_CONVERSION = YES;
				CLANG_WARN_DEPRECATED_OBJC_IMPLEMENTATIONS = YES;
				CLANG_WARN_DIRECT_OBJC_ISA_USAGE = YES_ERROR;
				CLANG_WARN_DOCUMENTATION_COMMENTS = YES;
				CLANG_WARN_EMPTY_BODY = YES;
				CLANG_WARN_ENUM_CONVERSION = YES;
				CLANG_WARN_INFINITE_RECURSION = YES;
				CLANG_WARN_INT_CONVERSION = YES;
				CLANG_WARN_NON_LITERAL_NULL_CONVERSION = YES;
				CLANG_WARN_OBJC_IMPLICIT_RETAIN_SELF = YES;
				CLANG_WARN_OBJC_LITERAL_CONVERSION = YES;
				CLANG_WARN_OBJC_ROOT_CLASS = YES_ERROR;
				CLANG_WARN_QUOTED_INCLUDE_IN_FRAMEWORK_HEADER = YES;
				CLANG_WARN_RANGE_LOOP_ANALYSIS = YES;
				CLANG_WARN_STRICT_PROTOTYPES = YES;
				CLANG_WARN_SUSPICIOUS_MOVE = YES;
				CLANG_WARN_UNGUARDED_AVAILABILITY = YES_AGGRESSIVE;
				CLANG_WARN_UNREACHABLE_CODE = YES;
				CLANG_WARN__DUPLICATE_METHOD_MATCH = YES;
				COPY_PHASE_STRIP = NO;
				DEBUG_INFORMATION_FORMAT = dwarf;
				ENABLE_STRICT_OBJC_MSGSEND = YES;
				ENABLE_TESTABILITY = YES;
				ENABLE_USER_SCRIPT_SANDBOXING = YES;
				GCC_C_LANGUAGE_STANDARD = gnu17;
				GCC_DYNAMIC_NO_PIC = NO;
				GCC_NO_COMMON_BLOCKS = YES;
				GCC_OPTIMIZATION_LEVEL = 0;
				GCC_PREPROCESSOR_DEFINITIONS = (
					"DEBUG=1",
					"$(inherited)",
				);
				GCC_WARN_64_TO_32_BIT_CONVERSION = YES;
				GCC_WARN_ABOUT_RETURN_TYPE = YES_ERROR;
				GCC_WARN_UNDECLARED_SELECTOR = YES;
				GCC_WARN_UNINITIALIZED_AUTOS = YES_AGGRESSIVE;
				GCC_WARN_UNUSED_FUNCTION = YES;
				GCC_WARN_UNUSED_VARIABLE = YES;
				IPHONEOS_DEPLOYMENT_TARGET = 17.4;
				LOCALIZATION_PREFERS_STRING_CATALOGS = YES;
				MTL_ENABLE_DEBUG_INFO = INCLUDE_SOURCE;
				MTL_FAST_MATH = YES;
				ONLY_ACTIVE_ARCH = YES;
				SDKROOT = iphoneos;
				SWIFT_ACTIVE_COMPILATION_CONDITIONS = "DEBUG $(inherited)";
				SWIFT_OPTIMIZATION_LEVEL = "-Onone";
			};
			name = Debug;
		};
		E7A74EE52DED9327006338F4 /* Release */ = {
			isa = XCBuildConfiguration;
			buildSettings = {
				ALWAYS_SEARCH_USER_PATHS = NO;
				ASSETCATALOG_COMPILER_GENERATE_SWIFT_ASSET_SYMBOL_EXTENSIONS = YES;
				CLANG_ANALYZER_NONNULL = YES;
				CLANG_ANALYZER_NUMBER_OBJECT_CONVERSION = YES_AGGRESSIVE;
				CLANG_CXX_LANGUAGE_STANDARD = "gnu++20";
				CLANG_ENABLE_MODULES = YES;
				CLANG_ENABLE_OBJC_ARC = YES;
				CLANG_ENABLE_OBJC_WEAK = YES;
				CLANG_WARN_BLOCK_CAPTURE_AUTORELEASING = YES;
				CLANG_WARN_BOOL_CONVERSION = YES;
				CLANG_WARN_COMMA = YES;
				CLANG_WARN_CONSTANT_CONVERSION = YES;
				CLANG_WARN_DEPRECATED_OBJC_IMPLEMENTATIONS = YES;
				CLANG_WARN_DIRECT_OBJC_ISA_USAGE = YES_ERROR;
				CLANG_WARN_DOCUMENTATION_COMMENTS = YES;
				CLANG_WARN_EMPTY_BODY = YES;
				CLANG_WARN_ENUM_CONVERSION = YES;
				CLANG_WARN_INFINITE_RECURSION = YES;
				CLANG_WARN_INT_CONVERSION = YES;
				CLANG_WARN_NON_LITERAL_NULL_CONVERSION = YES;
				CLANG_WARN_OBJC_IMPLICIT_RETAIN_SELF = YES;
				CLANG_WARN_OBJC_LITERAL_CONVERSION = YES;
				CLANG_WARN_OBJC_ROOT_CLASS = YES_ERROR;
				CLANG_WARN_QUOTED_INCLUDE_IN_FRAMEWORK_HEADER = YES;
				CLANG_WARN_RANGE_LOOP_ANALYSIS = YES;
				CLANG_WARN_STRICT_PROTOTYPES = YES;
				CLANG_WARN_SUSPICIOUS_MOVE = YES;
				CLANG_WARN_UNGUARDED_AVAILABILITY = YES_AGGRESSIVE;
				CLANG_WARN_UNREACHABLE_CODE = YES;
				CLANG_WARN__DUPLICATE_METHOD_MATCH = YES;
				COPY_PHASE_STRIP = NO;
				DEBUG_INFORMATION_FORMAT = "dwarf-with-dsym";
				ENABLE_NS_ASSERTIONS = NO;
				ENABLE_STRICT_OBJC_MSGSEND = YES;
				ENABLE_USER_SCRIPT_SANDBOXING = YES;
				GCC_C_LANGUAGE_STANDARD = gnu17;
				GCC_NO_COMMON_BLOCKS = YES;
				GCC_WARN_64_TO_32_BIT_CONVERSION = YES;
				GCC_WARN_ABOUT_RETURN_TYPE = YES_ERROR;
				GCC_WARN_UNDECLARED_SELECTOR = YES;
				GCC_WARN_UNINITIALIZED_AUTOS = YES_AGGRESSIVE;
				GCC_WARN_UNUSED_FUNCTION = YES;
				GCC_WARN_UNUSED_VARIABLE = YES;
				IPHONEOS_DEPLOYMENT_TARGET = 17.4;
				LOCALIZATION_PREFERS_STRING_CATALOGS = YES;
				MTL_ENABLE_DEBUG_INFO = NO;
				MTL_FAST_MATH = YES;
				SDKROOT = iphoneos;
				SWIFT_COMPILATION_MODE = wholemodule;
				VALIDATE_PRODUCT = YES;
			};
			name = Release;
		};
		E7A74EE72DED9327006338F4 /* Debug */ = {
			isa = XCBuildConfiguration;
			buildSettings = {
				ASSETCATALOG_COMPILER_APPICON_NAME = AppIcon;
				ASSETCATALOG_COMPILER_GLOBAL_ACCENT_COLOR_NAME = AccentColor;
				CODE_SIGN_STYLE = Automatic;
				CURRENT_PROJECT_VERSION = 1;
				DEVELOPMENT_ASSET_PATHS = "\"iOS_project/Preview Content\"";
				ENABLE_PREVIEWS = YES;
				GENERATE_INFOPLIST_FILE = YES;
				INFOPLIST_KEY_UIApplicationSceneManifest_Generation = YES;
				INFOPLIST_KEY_UIApplicationSupportsIndirectInputEvents = YES;
				INFOPLIST_KEY_UILaunchScreen_Generation = YES;
				INFOPLIST_KEY_UISupportedInterfaceOrientations_iPad = "UIInterfaceOrientationPortrait UIInterfaceOrientationPortraitUpsideDown UIInterfaceOrientationLandscapeLeft UIInterfaceOrientationLandscapeRight";
				INFOPLIST_KEY_UISupportedInterfaceOrientations_iPhone = "UIInterfaceOrientationPortrait UIInterfaceOrientationLandscapeLeft UIInterfaceOrientationLandscapeRight";
				LD_RUNPATH_SEARCH_PATHS = (
					"$(inherited)",
					"@executable_path/Frameworks",
				);
				MARKETING_VERSION = 1.0;
				PRODUCT_BUNDLE_IDENTIFIER = "wndhks171.hansung.ac.kr.iOS-project";
				PRODUCT_NAME = "$(TARGET_NAME)";
				SWIFT_EMIT_LOC_STRINGS = YES;
				SWIFT_VERSION = 5.0;
				TARGETED_DEVICE_FAMILY = "1,2";
			};
			name = Debug;
		};
		E7A74EE82DED9327006338F4 /* Release */ = {
			isa = XCBuildConfiguration;
			buildSettings = {
				ASSETCATALOG_COMPILER_APPICON_NAME = AppIcon;
				ASSETCATALOG_COMPILER_GLOBAL_ACCENT_COLOR_NAME = AccentColor;
				CODE_SIGN_STYLE = Automatic;
				CURRENT_PROJECT_VERSION = 1;
				DEVELOPMENT_ASSET_PATHS = "\"iOS_project/Preview Content\"";
				ENABLE_PREVIEWS = YES;
				GENERATE_INFOPLIST_FILE = YES;
				INFOPLIST_KEY_UIApplicationSceneManifest_Generation = YES;
				INFOPLIST_KEY_UIApplicationSupportsIndirectInputEvents = YES;
				INFOPLIST_KEY_UILaunchScreen_Generation = YES;
				INFOPLIST_KEY_UISupportedInterfaceOrientations_iPad = "UIInterfaceOrientationPortrait UIInterfaceOrientationPortraitUpsideDown UIInterfaceOrientationLandscapeLeft UIInterfaceOrientationLandscapeRight";
				INFOPLIST_KEY_UISupportedInterfaceOrientations_iPhone = "UIInterfaceOrientationPortrait UIInterfaceOrientationLandscapeLeft UIInterfaceOrientationLandscapeRight";
				LD_RUNPATH_SEARCH_PATHS = (
					"$(inherited)",
					"@executable_path/Frameworks",
				);
				MARKETING_VERSION = 1.0;
				PRODUCT_BUNDLE_IDENTIFIER = "wndhks171.hansung.ac.kr.iOS-project";
				PRODUCT_NAME = "$(TARGET_NAME)";
				SWIFT_EMIT_LOC_STRINGS = YES;
				SWIFT_VERSION = 5.0;
				TARGETED_DEVICE_FAMILY = "1,2";
			};
			name = Release;
		};
		E7A74EEA2DED9327006338F4 /* Debug */ = {
			isa = XCBuildConfiguration;
			buildSettings = {
				ALWAYS_EMBED_SWIFT_STANDARD_LIBRARIES = YES;
				BUNDLE_LOADER = "$(TEST_HOST)";
				CODE_SIGN_STYLE = Automatic;
				CURRENT_PROJECT_VERSION = 1;
				GENERATE_INFOPLIST_FILE = YES;
				IPHONEOS_DEPLOYMENT_TARGET = 17.4;
				MARKETING_VERSION = 1.0;
				PRODUCT_BUNDLE_IDENTIFIER = "wndhks171.hansung.ac.kr.iOS-projectTests";
				PRODUCT_NAME = "$(TARGET_NAME)";
				SWIFT_EMIT_LOC_STRINGS = NO;
				SWIFT_VERSION = 5.0;
				TARGETED_DEVICE_FAMILY = "1,2";
				TEST_HOST = "$(BUILT_PRODUCTS_DIR)/iOS_project.app/$(BUNDLE_EXECUTABLE_FOLDER_PATH)/iOS_project";
			};
			name = Debug;
		};
		E7A74EEB2DED9327006338F4 /* Release */ = {
			isa = XCBuildConfiguration;
			buildSettings = {
				ALWAYS_EMBED_SWIFT_STANDARD_LIBRARIES = YES;
				BUNDLE_LOADER = "$(TEST_HOST)";
				CODE_SIGN_STYLE = Automatic;
				CURRENT_PROJECT_VERSION = 1;
				GENERATE_INFOPLIST_FILE = YES;
				IPHONEOS_DEPLOYMENT_TARGET = 17.4;
				MARKETING_VERSION = 1.0;
				PRODUCT_BUNDLE_IDENTIFIER = "wndhks171.hansung.ac.kr.iOS-projectTests";
				PRODUCT_NAME = "$(TARGET_NAME)";
				SWIFT_EMIT_LOC_STRINGS = NO;
				SWIFT_VERSION = 5.0;
				TARGETED_DEVICE_FAMILY = "1,2";
				TEST_HOST = "$(BUILT_PRODUCTS_DIR)/iOS_project.app/$(BUNDLE_EXECUTABLE_FOLDER_PATH)/iOS_project";
			};
			name = Release;
		};
		E7A74EED2DED9327006338F4 /* Debug */ = {
			isa = XCBuildConfiguration;
			buildSettings = {
				ALWAYS_EMBED_SWIFT_STANDARD_LIBRARIES = YES;
				CODE_SIGN_STYLE = Automatic;
				CURRENT_PROJECT_VERSION = 1;
				GENERATE_INFOPLIST_FILE = YES;
				MARKETING_VERSION = 1.0;
				PRODUCT_BUNDLE_IDENTIFIER = "wndhks171.hansung.ac.kr.iOS-projectUITests";
				PRODUCT_NAME = "$(TARGET_NAME)";
				SWIFT_EMIT_LOC_STRINGS = NO;
				SWIFT_VERSION = 5.0;
				TARGETED_DEVICE_FAMILY = "1,2";
				TEST_TARGET_NAME = iOS_project;
			};
			name = Debug;
		};
		E7A74EEE2DED9327006338F4 /* Release */ = {
			isa = XCBuildConfiguration;
			buildSettings = {
				ALWAYS_EMBED_SWIFT_STANDARD_LIBRARIES = YES;
				CODE_SIGN_STYLE = Automatic;
				CURRENT_PROJECT_VERSION = 1;
				GENERATE_INFOPLIST_FILE = YES;
				MARKETING_VERSION = 1.0;
				PRODUCT_BUNDLE_IDENTIFIER = "wndhks171.hansung.ac.kr.iOS-projectUITests";
				PRODUCT_NAME = "$(TARGET_NAME)";
				SWIFT_EMIT_LOC_STRINGS = NO;
				SWIFT_VERSION = 5.0;
				TARGETED_DEVICE_FAMILY = "1,2";
				TEST_TARGET_NAME = iOS_project;
			};
			name = Release;
		};
/* End XCBuildConfiguration section */

/* Begin XCConfigurationList section */
		E7A74EBD2DED9325006338F4 /* Build configuration list for PBXProject "iOS_project" */ = {
			isa = XCConfigurationList;
			buildConfigurations = (
				E7A74EE42DED9327006338F4 /* Debug */,
				E7A74EE52DED9327006338F4 /* Release */,
			);
			defaultConfigurationIsVisible = 0;
			defaultConfigurationName = Release;
		};
		E7A74EE62DED9327006338F4 /* Build configuration list for PBXNativeTarget "iOS_project" */ = {
			isa = XCConfigurationList;
			buildConfigurations = (
				E7A74EE72DED9327006338F4 /* Debug */,
				E7A74EE82DED9327006338F4 /* Release */,
			);
			defaultConfigurationIsVisible = 0;
			defaultConfigurationName = Release;
		};
		E7A74EE92DED9327006338F4 /* Build configuration list for PBXNativeTarget "iOS_projectTests" */ = {
			isa = XCConfigurationList;
			buildConfigurations = (
				E7A74EEA2DED9327006338F4 /* Debug */,
				E7A74EEB2DED9327006338F4 /* Release */,
			);
			defaultConfigurationIsVisible = 0;
			defaultConfigurationName = Release;
		};
		E7A74EEC2DED9327006338F4 /* Build configuration list for PBXNativeTarget "iOS_projectUITests" */ = {
			isa = XCConfigurationList;
			buildConfigurations = (
				E7A74EED2DED9327006338F4 /* Debug */,
				E7A74EEE2DED9327006338F4 /* Release */,
			);
			defaultConfigurationIsVisible = 0;
			defaultConfigurationName = Release;
		};
/* End XCConfigurationList section */
	};
	rootObject = E7A74EBA2DED9325006338F4 /* Project object */;
}
