// !$*UTF8*$!
{
	archiveVersion = 1;
	classes = {
	};
	objectVersion = 56;
	objects = {

/* Begin PBXBuildFile section */
		E7A74EC62DED9325006338F4 /* iOS_projectApp.swift in Sources */ = {isa = PBXBuildFile; fileRef = E7A74EC52DED9325006338F4 /* iOS_projectApp.swift */; };
		E7A74ECA2DED9327006338F4 /* Assets.xcassets in Resources */ = {isa = PBXBuildFile; fileRef = E7A74EC92DED9327006338F4 /* Assets.xcassets */; };
		E7A74ECD2DED9327006338F4 /* Preview Assets.xcassets in Resources */ = {isa = PBXBuildFile; fileRef = E7A74ECC2DED9327006338F4 /* Preview Assets.xcassets */; };
		E7A74ED72DED9327006338F4 /* iOS_projectTests.swift in Sources */ = {isa = PBXBuildFile; fileRef = E7A74ED62DED9327006338F4 /* iOS_projectTests.swift */; };
		E7A74EE12DED9327006338F4 /* iOS_projectUITests.swift in Sources */ = {isa = PBXBuildFile; fileRef = E7A74EE02DED9327006338F4 /* iOS_projectUITests.swift */; };
		E7A74EE32DED9327006338F4 /* iOS_projectUITestsLaunchTests.swift in Sources */ = {isa = PBXBuildFile; fileRef = E7A74EE22DED9327006338F4 /* iOS_projectUITestsLaunchTests.swift */; };
		E7A74EF02DED946F006338F4 /* HomeView.swift in Sources */ = {isa = PBXBuildFile; fileRef = E7A74EEF2DED946F006338F4 /* HomeView.swift */; };
		E7A74EF22DED94A1006338F4 /* SplashView.swift in Sources */ = {isa = PBXBuildFile; fileRef = E7A74EF12DED94A1006338F4 /* SplashView.swift */; };
		E7A74EF42DED96FF006338F4 /* Color.swift in Sources */ = {isa = PBXBuildFile; fileRef = E7A74EF32DED96FF006338F4 /* Color.swift */; };
		E7A74EF62DED9873006338F4 /* ScheduleView.swift in Sources */ = {isa = PBXBuildFile; fileRef = E7A74EF52DED9873006338F4 /* ScheduleView.swift */; };
		E7A74EF82DED98A6006338F4 /* DayScheduleView.swift in Sources */ = {isa = PBXBuildFile; fileRef = E7A74EF72DED98A6006338F4 /* DayScheduleView.swift */; };
		E7A74EFA2DED98CA006338F4 /* MonthCalendarView.swift in Sources */ = {isa = PBXBuildFile; fileRef = E7A74EF92DED98CA006338F4 /* MonthCalendarView.swift */; };
		E7A74EFC2DED99E3006338F4 /* InfoView.swift in Sources */ = {isa = PBXBuildFile; fileRef = E7A74EFB2DED99E3006338F4 /* InfoView.swift */; };
		E7A74EFE2DED9A00006338F4 /* InfoCard.swift in Sources */ = {isa = PBXBuildFile; fileRef = E7A74EFD2DED9A00006338F4 /* InfoCard.swift */; };
		E7A74F022DED9B05006338F4 /* MyView.swift in Sources */ = {isa = PBXBuildFile; fileRef = E7A74F012DED9B05006338F4 /* MyView.swift */; };
		E7A74F042DED9B1D006338F4 /* ToggleRow.swift in Sources */ = {isa = PBXBuildFile; fileRef = E7A74F032DED9B1D006338F4 /* ToggleRow.swift */; };
		E7A74F062DED9BC9006338F4 /* RootView.swift in Sources */ = {isa = PBXBuildFile; fileRef = E7A74F052DED9BC9006338F4 /* RootView.swift */; };
		E7A74F082DED9C10006338F4 /* MainTabView.swift in Sources */ = {isa = PBXBuildFile; fileRef = E7A74F072DED9C10006338F4 /* MainTabView.swift */; };
		E7A74F0A2DEDBE0B006338F4 /* RoundedCorner.swift in Sources */ = {isa = PBXBuildFile; fileRef = E7A74F092DEDBE0B006338F4 /* RoundedCorner.swift */; };
		E7A74F0E2DEDC02D006338F4 /* Lecture.swift in Sources */ = {isa = PBXBuildFile; fileRef = E7A74F0D2DEDC02D006338F4 /* Lecture.swift */; };
		E7A74F102DEDC0AD006338F4 /* AddLectureView.swift in Sources */ = {isa = PBXBuildFile; fileRef = E7A74F0F2DEDC0AD006338F4 /* AddLectureView.swift */; };
		E7A74F122DEDC575006338F4 /* ChartView.swift in Sources */ = {isa = PBXBuildFile; fileRef = E7A74F112DEDC575006338F4 /* ChartView.swift */; };
		E7A74F142DEDD102006338F4 /* InfoCharacterView.swift in Sources */ = {isa = PBXBuildFile; fileRef = E7A74F132DEDD102006338F4 /* InfoCharacterView.swift */; };
		E7A74F162DEFEE25006338F4 /* Message.swift in Sources */ = {isa = PBXBuildFile; fileRef = E7A74F152DEFEE25006338F4 /* Message.swift */; };
		E7A74F192DEFEE5A006338F4 /* ChatViewModel.swift in Sources */ = {isa = PBXBuildFile; fileRef = E7A74F182DEFEE5A006338F4 /* ChatViewModel.swift */; };
		E7A74F1B2DEFEE89006338F4 /* ChatRoomView.swift in Sources */ = {isa = PBXBuildFile; fileRef = E7A74F1A2DEFEE89006338F4 /* ChatRoomView.swift */; };
		E7A74F1D2DF002CC006338F4 /* getBotResponse.swift in Sources */ = {isa = PBXBuildFile; fileRef = E7A74F1C2DF002CC006338F4 /* getBotResponse.swift */; };
		E7A74F1F2DF02C64006338F4 /* SigninView.swift in Sources */ = {isa = PBXBuildFile; fileRef = E7A74F1E2DF02C64006338F4 /* SigninView.swift */; };
		E7A74F212DF03305006338F4 /* SignUpStep1View.swift in Sources */ = {isa = PBXBuildFile; fileRef = E7A74F202DF03305006338F4 /* SignUpStep1View.swift */; };
		E7A74F232DF0331E006338F4 /* SignUpStep2View.swift in Sources */ = {isa = PBXBuildFile; fileRef = E7A74F222DF0331E006338F4 /* SignUpStep2View.swift */; };
		E7D27CD32DF0D6120081C81D /* FeatureIcon.swift in Sources */ = {isa = PBXBuildFile; fileRef = E7D27CD22DF0D6120081C81D /* FeatureIcon.swift */; };
		E7D27CD52DF0D70E0081C81D /* IconItem.swift in Sources */ = {isa = PBXBuildFile; fileRef = E7D27CD42DF0D70E0081C81D /* IconItem.swift */; };
		E7D27CD72DF0D71F0081C81D /* CardItem.swift in Sources */ = {isa = PBXBuildFile; fileRef = E7D27CD62DF0D71F0081C81D /* CardItem.swift */; };
		E7D27CD92DF0D7320081C81D /* NotificationItem.swift in Sources */ = {isa = PBXBuildFile; fileRef = E7D27CD82DF0D7320081C81D /* NotificationItem.swift */; };
		E7D27CDB2DF0E1180081C81D /* CardButtonStyle.swift in Sources */ = {isa = PBXBuildFile; fileRef = E7D27CDA2DF0E1180081C81D /* CardButtonStyle.swift */; };
		E7D27CDD2DF0E3F30081C81D /* GlassTextFieldStyle.swift in Sources */ = {isa = PBXBuildFile; fileRef = E7D27CDC2DF0E3F30081C81D /* GlassTextFieldStyle.swift */; };
		E7D27CDF2DF0E4180081C81D /* PrimaryGlassButtonStyle.swift in Sources */ = {isa = PBXBuildFile; fileRef = E7D27CDE2DF0E4180081C81D /* PrimaryGlassButtonStyle.swift */; };
		E7D27CE12DF0E4420081C81D /* SecondaryGlassButtonStyle.swift in Sources */ = {isa = PBXBuildFile; fileRef = E7D27CE02DF0E4420081C81D /* SecondaryGlassButtonStyle.swift */; };
		E7D27CE32DF561D60081C81D /* RatingDialog.swift in Sources */ = {isa = PBXBuildFile; fileRef = E7D27CE22DF561D60081C81D /* RatingDialog.swift */; };
/* End PBXBuildFile section */

/* Begin PBXContainerItemProxy section */
		E7A74ED32DED9327006338F4 /* PBXContainerItemProxy */ = {
			isa = PBXContainerItemProxy;
			containerPortal = E7A74EBA2DED9325006338F4 /* Project object */;
			proxyType = 1;
			remoteGlobalIDString = E7A74EC12DED9325006338F4;
			remoteInfo = iOS_project;
		};
		E7A74EDD2DED9327006338F4 /* PBXContainerItemProxy */ = {
			isa = PBXContainerItemProxy;
			containerPortal = E7A74EBA2DED9325006338F4 /* Project object */;
			proxyType = 1;
			remoteGlobalIDString = E7A74EC12DED9325006338F4;
			remoteInfo = iOS_project;
		};
/* End PBXContainerItemProxy section */

/* Begin PBXFileReference section */
		E7A74EC22DED9325006338F4 /* iOS_project.app */ = {isa = PBXFileReference; explicitFileType = wrapper.application; includeInIndex = 0; path = iOS_project.app; sourceTree = BUILT_PRODUCTS_DIR; };
		E7A74EC52DED9325006338F4 /* iOS_projectApp.swift */ = {isa = PBXFileReference; lastKnownFileType = sourcecode.swift; path = iOS_projectApp.swift; sourceTree = "<group>"; };
		E7A74EC92DED9327006338F4 /* Assets.xcassets */ = {isa = PBXFileReference; lastKnownFileType = folder.assetcatalog; path = Assets.xcassets; sourceTree = "<group>"; };
		E7A74ECC2DED9327006338F4 /* Preview Assets.xcassets */ = {isa = PBXFileReference; lastKnownFileType = folder.assetcatalog; path = "Preview Assets.xcassets"; sourceTree = "<group>"; };
		E7A74ED22DED9327006338F4 /* iOS_projectTests.xctest */ = {isa = PBXFileReference; explicitFileType = wrapper.cfbundle; includeInIndex = 0; path = iOS_projectTests.xctest; sourceTree = BUILT_PRODUCTS_DIR; };
		E7A74ED62DED9327006338F4 /* iOS_projectTests.swift */ = {isa = PBXFileReference; lastKnownFileType = sourcecode.swift; path = iOS_projectTests.swift; sourceTree = "<group>"; };
		E7A74EDC2DED9327006338F4 /* iOS_projectUITests.xctest */ = {isa = PBXFileReference; explicitFileType = wrapper.cfbundle; includeInIndex = 0; path = iOS_projectUITests.xctest; sourceTree = BUILT_PRODUCTS_DIR; };
		E7A74EE02DED9327006338F4 /* iOS_projectUITests.swift */ = {isa = PBXFileReference; lastKnownFileType = sourcecode.swift; path = iOS_projectUITests.swift; sourceTree = "<group>"; };
		E7A74EE22DED9327006338F4 /* iOS_projectUITestsLaunchTests.swift */ = {isa = PBXFileReference; lastKnownFileType = sourcecode.swift; path = iOS_projectUITestsLaunchTests.swift; sourceTree = "<group>"; };
		E7A74EEF2DED946F006338F4 /* HomeView.swift */ = {isa = PBXFileReference; lastKnownFileType = sourcecode.swift; path = HomeView.swift; sourceTree = "<group>"; };
		E7A74EF12DED94A1006338F4 /* SplashView.swift */ = {isa = PBXFileReference; lastKnownFileType = sourcecode.swift; path = SplashView.swift; sourceTree = "<group>"; };
		E7A74EF32DED96FF006338F4 /* Color.swift */ = {isa = PBXFileReference; lastKnownFileType = sourcecode.swift; path = Color.swift; sourceTree = "<group>"; };
		E7A74EF52DED9873006338F4 /* ScheduleView.swift */ = {isa = PBXFileReference; lastKnownFileType = sourcecode.swift; path = ScheduleView.swift; sourceTree = "<group>"; };
		E7A74EF72DED98A6006338F4 /* DayScheduleView.swift */ = {isa = PBXFileReference; lastKnownFileType = sourcecode.swift; path = DayScheduleView.swift; sourceTree = "<group>"; };
		E7A74EF92DED98CA006338F4 /* MonthCalendarView.swift */ = {isa = PBXFileReference; lastKnownFileType = sourcecode.swift; path = MonthCalendarView.swift; sourceTree = "<group>"; };
		E7A74EFB2DED99E3006338F4 /* InfoView.swift */ = {isa = PBXFileReference; lastKnownFileType = sourcecode.swift; path = InfoView.swift; sourceTree = "<group>"; };
		E7A74EFD2DED9A00006338F4 /* InfoCard.swift */ = {isa = PBXFileReference; lastKnownFileType = sourcecode.swift; path = InfoCard.swift; sourceTree = "<group>"; };
		E7A74F012DED9B05006338F4 /* MyView.swift */ = {isa = PBXFileReference; lastKnownFileType = sourcecode.swift; path = MyView.swift; sourceTree = "<group>"; };
		E7A74F032DED9B1D006338F4 /* ToggleRow.swift */ = {isa = PBXFileReference; lastKnownFileType = sourcecode.swift; path = ToggleRow.swift; sourceTree = "<group>"; };
		E7A74F052DED9BC9006338F4 /* RootView.swift */ = {isa = PBXFileReference; lastKnownFileType = sourcecode.swift; path = RootView.swift; sourceTree = "<group>"; };
		E7A74F072DED9C10006338F4 /* MainTabView.swift */ = {isa = PBXFileReference; lastKnownFileType = sourcecode.swift; path = MainTabView.swift; sourceTree = "<group>"; };
		E7A74F092DEDBE0B006338F4 /* RoundedCorner.swift */ = {isa = PBXFileReference; lastKnownFileType = sourcecode.swift; path = RoundedCorner.swift; sourceTree = "<group>"; };
		E7A74F0D2DEDC02D006338F4 /* Lecture.swift */ = {isa = PBXFileReference; lastKnownFileType = sourcecode.swift; path = Lecture.swift; sourceTree = "<group>"; };
		E7A74F0F2DEDC0AD006338F4 /* AddLectureView.swift */ = {isa = PBXFileReference; lastKnownFileType = sourcecode.swift; path = AddLectureView.swift; sourceTree = "<group>"; };
		E7A74F112DEDC575006338F4 /* ChartView.swift */ = {isa = PBXFileReference; lastKnownFileType = sourcecode.swift; path = ChartView.swift; sourceTree = "<group>"; };
		E7A74F132DEDD102006338F4 /* InfoCharacterView.swift */ = {isa = PBXFileReference; lastKnownFileType = sourcecode.swift; path = InfoCharacterView.swift; sourceTree = "<group>"; };
		E7A74F152DEFEE25006338F4 /* Message.swift */ = {isa = PBXFileReference; lastKnownFileType = sourcecode.swift; path = Message.swift; sourceTree = "<group>"; };
		E7A74F182DEFEE5A006338F4 /* ChatViewModel.swift */ = {isa = PBXFileReference; lastKnownFileType = sourcecode.swift; path = ChatViewModel.swift; sourceTree = "<group>"; };
		E7A74F1A2DEFEE89006338F4 /* ChatRoomView.swift */ = {isa = PBXFileReference; lastKnownFileType = sourcecode.swift; path = ChatRoomView.swift; sourceTree = "<group>"; };
		E7A74F1C2DF002CC006338F4 /* getBotResponse.swift */ = {isa = PBXFileReference; lastKnownFileType = sourcecode.swift; path = getBotResponse.swift; sourceTree = "<group>"; };
		E7A74F1E2DF02C64006338F4 /* SigninView.swift */ = {isa = PBXFileReference; lastKnownFileType = sourcecode.swift; path = SigninView.swift; sourceTree = "<group>"; };
		E7A74F202DF03305006338F4 /* SignUpStep1View.swift */ = {isa = PBXFileReference; lastKnownFileType = sourcecode.swift; path = SignUpStep1View.swift; sourceTree = "<group>"; };
		E7A74F222DF0331E006338F4 /* SignUpStep2View.swift */ = {isa = PBXFileReference; lastKnownFileType = sourcecode.swift; path = SignUpStep2View.swift; sourceTree = "<group>"; };
		E7D27CD22DF0D6120081C81D /* FeatureIcon.swift */ = {isa = PBXFileReference; lastKnownFileType = sourcecode.swift; path = FeatureIcon.swift; sourceTree = "<group>"; };
		E7D27CD42DF0D70E0081C81D /* IconItem.swift */ = {isa = PBXFileReference; lastKnownFileType = sourcecode.swift; path = IconItem.swift; sourceTree = "<group>"; };
		E7D27CD62DF0D71F0081C81D /* CardItem.swift */ = {isa = PBXFileReference; lastKnownFileType = sourcecode.swift; path = CardItem.swift; sourceTree = "<group>"; };
		E7D27CD82DF0D7320081C81D /* NotificationItem.swift */ = {isa = PBXFileReference; lastKnownFileType = sourcecode.swift; path = NotificationItem.swift; sourceTree = "<group>"; };
		E7D27CDA2DF0E1180081C81D /* CardButtonStyle.swift */ = {isa = PBXFileReference; lastKnownFileType = sourcecode.swift; path = CardButtonStyle.swift; sourceTree = "<group>"; };
		E7D27CDC2DF0E3F30081C81D /* GlassTextFieldStyle.swift */ = {isa = PBXFileReference; lastKnownFileType = sourcecode.swift; path = GlassTextFieldStyle.swift; sourceTree = "<group>"; };
		E7D27CDE2DF0E4180081C81D /* PrimaryGlassButtonStyle.swift */ = {isa = PBXFileReference; lastKnownFileType = sourcecode.swift; path = PrimaryGlassButtonStyle.swift; sourceTree = "<group>"; };
		E7D27CE02DF0E4420081C81D /* SecondaryGlassButtonStyle.swift */ = {isa = PBXFileReference; lastKnownFileType = sourcecode.swift; path = SecondaryGlassButtonStyle.swift; sourceTree = "<group>"; };
		E7D27CE22DF561D60081C81D /* RatingDialog.swift */ = {isa = PBXFileReference; lastKnownFileType = sourcecode.swift; path = RatingDialog.swift; sourceTree = "<group>"; };
/* End PBXFileReference section */

/* Begin PBXFrameworksBuildPhase section */
		E7A74EBF2DED9325006338F4 /* Frameworks */ = {
			isa = PBXFrameworksBuildPhase;
			buildActionMask = 2147483647;
			files = (
			);
			runOnlyForDeploymentPostprocessing = 0;
		};
		E7A74ECF2DED9327006338F4 /* Frameworks */ = {
			isa = PBXFrameworksBuildPhase;
			buildActionMask = 2147483647;
			files = (
			);
			runOnlyForDeploymentPostprocessing = 0;
		};
		E7A74ED92DED9327006338F4 /* Frameworks */ = {
			isa = PBXFrameworksBuildPhase;
			buildActionMask = 2147483647;
			files = (
			);
			runOnlyForDeploymentPostprocessing = 0;
		};
/* End PBXFrameworksBuildPhase section */

/* Begin PBXGroup section */
		E7A74EB92DED9325006338F4 = {
			isa = PBXGroup;
			children = (
				E7A74EC42DED9325006338F4 /* iOS_project */,
				E7A74ED52DED9327006338F4 /* iOS_projectTests */,
				E7A74EDF2DED9327006338F4 /* iOS_projectUITests */,
				E7A74EC32DED9325006338F4 /* Products */,
			);
			sourceTree = "<group>";
		};
		E7A74EC32DED9325006338F4 /* Products */ = {
			isa = PBXGroup;
			children = (
				E7A74EC22DED9325006338F4 /* iOS_project.app */,
				E7A74ED22DED9327006338F4 /* iOS_projectTests.xctest */,
				E7A74EDC2DED9327006338F4 /* iOS_projectUITests.xctest */,
			);
			name = Products;
			sourceTree = "<group>";
		};
		E7A74EC42DED9325006338F4 /* iOS_project */ = {
			isa = PBXGroup;
			children = (
				E7A74F252DF0C00B006338F4 /* application */,
				E7A74F242DF0BFDF006338F4 /* global */,
				E7A74F172DEFEE4A006338F4 /* domain */,
				E7A74F0B2DEDBFA6006338F4 /* data */,
				E7A74F002DED9A5E006338F4 /* presentation */,
				E7A74EC92DED9327006338F4 /* Assets.xcassets */,
				E7A74ECB2DED9327006338F4 /* Preview Content */,
			);
			path = iOS_project;
			sourceTree = "<group>";
		};
		E7A74ECB2DED9327006338F4 /* Preview Content */ = {
			isa = PBXGroup;
			children = (
				E7A74ECC2DED9327006338F4 /* Preview Assets.xcassets */,
			);
			path = "Preview Content";
			sourceTree = "<group>";
		};
		E7A74ED52DED9327006338F4 /* iOS_projectTests */ = {
			isa = PBXGroup;
			children = (
				E7A74ED62DED9327006338F4 /* iOS_projectTests.swift */,
			);
			path = iOS_projectTests;
			sourceTree = "<group>";
		};
		E7A74EDF2DED9327006338F4 /* iOS_projectUITests */ = {
			isa = PBXGroup;
			children = (
				E7A74EE02DED9327006338F4 /* iOS_projectUITests.swift */,
				E7A74EE22DED9327006338F4 /* iOS_projectUITestsLaunchTests.swift */,
			);
			path = iOS_projectUITests;
			sourceTree = "<group>";
		};
		E7A74EFF2DED9A4B006338F4 /* component */ = {
			isa = PBXGroup;
			children = (
				E7A74EF32DED96FF006338F4 /* Color.swift */,
				E7A74EFD2DED9A00006338F4 /* InfoCard.swift */,
				E7A74F032DED9B1D006338F4 /* ToggleRow.swift */,
				E7A74F052DED9BC9006338F4 /* RootView.swift */,
				E7A74F092DEDBE0B006338F4 /* RoundedCorner.swift */,
				E7A74F0F2DEDC0AD006338F4 /* AddLectureView.swift */,
				E7A74F132DEDD102006338F4 /* InfoCharacterView.swift */,
				E7D27CD22DF0D6120081C81D /* FeatureIcon.swift */,
				E7D27CDA2DF0E1180081C81D /* CardButtonStyle.swift */,
				E7D27CDC2DF0E3F30081C81D /* GlassTextFieldStyle.swift */,
				E7D27CDE2DF0E4180081C81D /* PrimaryGlassButtonStyle.swift */,
				E7D27CE02DF0E4420081C81D /* SecondaryGlassButtonStyle.swift */,
				E7D27CE22DF561D60081C81D /* RatingDialog.swift */,
			);
			path = component;
			sourceTree = "<group>";
		};
		E7A74F002DED9A5E006338F4 /* presentation */ = {
			isa = PBXGroup;
			children = (
				E7A74F2E2DF0C0FA006338F4 /* splash */,
				E7A74F2D2DF0C0D7006338F4 /* signup */,
				E7A74F2C2DF0C0D0006338F4 /* signin */,
				E7A74F2B2DF0C07D006338F4 /* schedule */,
				E7A74F2A2DF0C075006338F4 /* chat */,
				E7A74F292DF0C071006338F4 /* my */,
				E7A74F282DF0C06A006338F4 /* info */,
				E7A74F272DF0C063006338F4 /* home */,
			);
			path = presentation;
			sourceTree = "<group>";
		};
		E7A74F0B2DEDBFA6006338F4 /* data */ = {
			isa = PBXGroup;
			children = (
				E7A74F0D2DEDC02D006338F4 /* Lecture.swift */,
				E7A74F152DEFEE25006338F4 /* Message.swift */,
				E7D27CD42DF0D70E0081C81D /* IconItem.swift */,
				E7D27CD62DF0D71F0081C81D /* CardItem.swift */,
				E7D27CD82DF0D7320081C81D /* NotificationItem.swift */,
			);
			path = data;
			sourceTree = "<group>";
		};
		E7A74F172DEFEE4A006338F4 /* domain */ = {
			isa = PBXGroup;
			children = (
				E7A74F182DEFEE5A006338F4 /* ChatViewModel.swift */,
				E7A74F1C2DF002CC006338F4 /* getBotResponse.swift */,
			);
			path = domain;
			sourceTree = "<group>";
		};
		E7A74F242DF0BFDF006338F4 /* global */ = {
			isa = PBXGroup;
			children = (
				E7A74F262DF0C044006338F4 /* navigation */,
				E7A74EFF2DED9A4B006338F4 /* component */,
			);
			path = global;
			sourceTree = "<group>";
		};
		E7A74F252DF0C00B006338F4 /* application */ = {
			isa = PBXGroup;
			children = (
				E7A74EC52DED9325006338F4 /* iOS_projectApp.swift */,
			);
			path = application;
			sourceTree = "<group>";
		};
		E7A74F262DF0C044006338F4 /* navigation */ = {
			isa = PBXGroup;
			children = (
				E7A74F072DED9C10006338F4 /* MainTabView.swift */,
			);
			path = navigation;
			sourceTree = "<group>";
		};
		E7A74F272DF0C063006338F4 /* home */ = {
			isa = PBXGroup;
			children = (
				E7A74EEF2DED946F006338F4 /* HomeView.swift */,
			);
			path = home;
			sourceTree = "<group>";
		};
		E7A74F282DF0C06A006338F4 /* info */ = {
			isa = PBXGroup;
			children = (
				E7A74EFB2DED99E3006338F4 /* InfoView.swift */,
			);
			path = info;
			sourceTree = "<group>";
		};
		E7A74F292DF0C071006338F4 /* my */ = {
			isa = PBXGroup;
			children = (
				E7A74F012DED9B05006338F4 /* MyView.swift */,
			);
			path = my;
			sourceTree = "<group>";
		};
		E7A74F2A2DF0C075006338F4 /* chat */ = {
			isa = PBXGroup;
			children = (
				E7A74F1A2DEFEE89006338F4 /* ChatRoomView.swift */,
				E7A74F112DEDC575006338F4 /* ChartView.swift */,
			);
			path = chat;
			sourceTree = "<group>";
		};
		E7A74F2B2DF0C07D006338F4 /* schedule */ = {
			isa = PBXGroup;
			children = (
				E7A74EF72DED98A6006338F4 /* DayScheduleView.swift */,
				E7A74EF52DED9873006338F4 /* ScheduleView.swift */,
				E7A74EF92DED98CA006338F4 /* MonthCalendarView.swift */,
			);
			path = schedule;
			sourceTree = "<group>";
		};
		E7A74F2C2DF0C0D0006338F4 /* signin */ = {
			isa = PBXGroup;
			children = (
				E7A74F1E2DF02C64006338F4 /* SigninView.swift */,
			);
			path = signin;
			sourceTree = "<group>";
		};
		E7A74F2D2DF0C0D7006338F4 /* signup */ = {
			isa = PBXGroup;
			children = (
				E7A74F222DF0331E006338F4 /* SignUpStep2View.swift */,
				E7A74F202DF03305006338F4 /* SignUpStep1View.swift */,
			);
			path = signup;
			sourceTree = "<group>";
		};
		E7A74F2E2DF0C0FA006338F4 /* splash */ = {
			isa = PBXGroup;
			children = (
				E7A74EF12DED94A1006338F4 /* SplashView.swift */,
			);
			path = splash;
			sourceTree = "<group>";
		};
/* End PBXGroup section */

/* Begin PBXNativeTarget section */
		E7A74EC12DED9325006338F4 /* iOS_project */ = {
			isa = PBXNativeTarget;
			buildConfigurationList = E7A74EE62DED9327006338F4 /* Build configuration list for PBXNativeTarget "iOS_project" */;
			buildPhases = (
				E7A74EBE2DED9325006338F4 /* Sources */,
				E7A74EBF2DED9325006338F4 /* Frameworks */,
				E7A74EC02DED9325006338F4 /* Resources */,
			);
			buildRules = (
			);
			dependencies = (
			);
			name = iOS_project;
			productName = iOS_project;
			productReference = E7A74EC22DED9325006338F4 /* iOS_project.app */;
			productType = "com.apple.product-type.application";
		};
		E7A74ED12DED9327006338F4 /* iOS_projectTests */ = {
			isa = PBXNativeTarget;
			buildConfigurationList = E7A74EE92DED9327006338F4 /* Build configuration list for PBXNativeTarget "iOS_projectTests" */;
			buildPhases = (
				E7A74ECE2DED9327006338F4 /* Sources */,
				E7A74ECF2DED9327006338F4 /* Frameworks */,
				E7A74ED02DED9327006338F4 /* Resources */,
			);
			buildRules = (
			);
			dependencies = (
				E7A74ED42DED9327006338F4 /* PBXTargetDependency */,
			);
			name = iOS_projectTests;
			productName = iOS_projectTests;
			productReference = E7A74ED22DED9327006338F4 /* iOS_projectTests.xctest */;
			productType = "com.apple.product-type.bundle.unit-test";
		};
		E7A74EDB2DED9327006338F4 /* iOS_projectUITests */ = {
			isa = PBXNativeTarget;
			buildConfigurationList = E7A74EEC2DED9327006338F4 /* Build configuration list for PBXNativeTarget "iOS_projectUITests" */;
			buildPhases = (
				E7A74ED82DED9327006338F4 /* Sources */,
				E7A74ED92DED9327006338F4 /* Frameworks */,
				E7A74EDA2DED9327006338F4 /* Resources */,
			);
			buildRules = (
			);
			dependencies = (
				E7A74EDE2DED9327006338F4 /* PBXTargetDependency */,
			);
			name = iOS_projectUITests;
			productName = iOS_projectUITests;
			productReference = E7A74EDC2DED9327006338F4 /* iOS_projectUITests.xctest */;
			productType = "com.apple.product-type.bundle.ui-testing";
		};
/* End PBXNativeTarget section */

/* Begin PBXProject section */
		E7A74EBA2DED9325006338F4 /* Project object */ = {
			isa = PBXProject;
			attributes = {
				BuildIndependentTargetsInParallel = 1;
				LastSwiftUpdateCheck = 1530;
				LastUpgradeCheck = 1530;
				TargetAttributes = {
					E7A74EC12DED9325006338F4 = {
						CreatedOnToolsVersion = 15.3;
					};
					E7A74ED12DED9327006338F4 = {
						CreatedOnToolsVersion = 15.3;
						TestTargetID = E7A74EC12DED9325006338F4;
					};
					E7A74EDB2DED9327006338F4 = {
						CreatedOnToolsVersion = 15.3;
						TestTargetID = E7A74EC12DED9325006338F4;
					};
				};
			};
			buildConfigurationList = E7A74EBD2DED9325006338F4 /* Build configuration list for PBXProject "iOS_project" */;
			compatibilityVersion = "Xcode 14.0";
			developmentRegion = en;
			hasScannedForEncodings = 0;
			knownRegions = (
				en,
				Base,
			);
			mainGroup = E7A74EB92DED9325006338F4;
			productRefGroup = E7A74EC32DED9325006338F4 /* Products */;
			projectDirPath = "";
			projectRoot = "";
			targets = (
				E7A74EC12DED9325006338F4 /* iOS_project */,
				E7A74ED12DED9327006338F4 /* iOS_projectTests */,
				E7A74EDB2DED9327006338F4 /* iOS_projectUITests */,
			);
		};
/* End PBXProject section */

/* Begin PBXResourcesBuildPhase section */
		E7A74EC02DED9325006338F4 /* Resources */ = {
			isa = PBXResourcesBuildPhase;
			buildActionMask = 2147483647;
			files = (
				E7A74ECD2DED9327006338F4 /* Preview Assets.xcassets in Resources */,
				E7A74ECA2DED9327006338F4 /* Assets.xcassets in Resources */,
			);
			runOnlyForDeploymentPostprocessing = 0;
		};
		E7A74ED02DED9327006338F4 /* Resources */ = {
			isa = PBXResourcesBuildPhase;
			buildActionMask = 2147483647;
			files = (
			);
			runOnlyForDeploymentPostprocessing = 0;
		};
		E7A74EDA2DED9327006338F4 /* Resources */ = {
			isa = PBXResourcesBuildPhase;
			buildActionMask = 2147483647;
			files = (
			);
			runOnlyForDeploymentPostprocessing = 0;
		};
/* End PBXResourcesBuildPhase section */

/* Begin PBXSourcesBuildPhase section */
		E7A74EBE2DED9325006338F4 /* Sources */ = {
			isa = PBXSourcesBuildPhase;
			buildActionMask = 2147483647;
			files = (
				E7A74EFC2DED99E3006338F4 /* InfoView.swift in Sources */,
				E7D27CD32DF0D6120081C81D /* FeatureIcon.swift in Sources */,
				E7A74EF62DED9873006338F4 /* ScheduleView.swift in Sources */,
				E7D27CE12DF0E4420081C81D /* SecondaryGlassButtonStyle.swift in Sources */,
				E7D27CDF2DF0E4180081C81D /* PrimaryGlassButtonStyle.swift in Sources */,
				E7A74F142DEDD102006338F4 /* InfoCharacterView.swift in Sources */,
				E7A74F042DED9B1D006338F4 /* ToggleRow.swift in Sources */,
				E7A74F022DED9B05006338F4 /* MyView.swift in Sources */,
				E7A74EF02DED946F006338F4 /* HomeView.swift in Sources */,
				E7A74EF82DED98A6006338F4 /* DayScheduleView.swift in Sources */,
				E7A74F162DEFEE25006338F4 /* Message.swift in Sources */,
				E7A74F0A2DEDBE0B006338F4 /* RoundedCorner.swift in Sources */,
				E7D27CE32DF561D60081C81D /* RatingDialog.swift in Sources */,
				E7A74F1F2DF02C64006338F4 /* SigninView.swift in Sources */,
				E7A74F102DEDC0AD006338F4 /* AddLectureView.swift in Sources */,
				E7A74EFE2DED9A00006338F4 /* InfoCard.swift in Sources */,
				E7D27CDB2DF0E1180081C81D /* CardButtonStyle.swift in Sources */,
				E7A74F1B2DEFEE89006338F4 /* ChatRoomView.swift in Sources */,
				E7A74F082DED9C10006338F4 /* MainTabView.swift in Sources */,
				E7D27CD92DF0D7320081C81D /* NotificationItem.swift in Sources */,
				E7A74F122DEDC575006338F4 /* ChartView.swift in Sources */,
				E7A74F0E2DEDC02D006338F4 /* Lecture.swift in Sources */,
				E7D27CDD2DF0E3F30081C81D /* GlassTextFieldStyle.swift in Sources */,
				E7D27CD52DF0D70E0081C81D /* IconItem.swift in Sources */,
				E7A74EFA2DED98CA006338F4 /* MonthCalendarView.swift in Sources */,
				E7A74F062DED9BC9006338F4 /* RootView.swift in Sources */,
				E7A74F1D2DF002CC006338F4 /* getBotResponse.swift in Sources */,
				E7A74EF42DED96FF006338F4 /* Color.swift in Sources */,
				E7A74EF22DED94A1006338F4 /* SplashView.swift in Sources */,
				E7A74F192DEFEE5A006338F4 /* ChatViewModel.swift in Sources */,
				E7A74F212DF03305006338F4 /* SignUpStep1View.swift in Sources */,
				E7A74EC62DED9325006338F4 /* iOS_projectApp.swift in Sources */,
				E7D27CD72DF0D71F0081C81D /* CardItem.swift in Sources */,
				E7A74F232DF0331E006338F4 /* SignUpStep2View.swift in Sources */,
			);
			runOnlyForDeploymentPostprocessing = 0;
		};
		E7A74ECE2DED9327006338F4 /* Sources */ = {
			isa = PBXSourcesBuildPhase;
			buildActionMask = 2147483647;
			files = (
				E7A74ED72DED9327006338F4 /* iOS_projectTests.swift in Sources */,
			);
			runOnlyForDeploymentPostprocessing = 0;
		};
		E7A74ED82DED9327006338F4 /* Sources */ = {
			isa = PBXSourcesBuildPhase;
			buildActionMask = 2147483647;
			files = (
				E7A74EE32DED9327006338F4 /* iOS_projectUITestsLaunchTests.swift in Sources */,
				E7A74EE12DED9327006338F4 /* iOS_projectUITests.swift in Sources */,
			);
			runOnlyForDeploymentPostprocessing = 0;
		};
/* End PBXSourcesBuildPhase section */

/* Begin PBXTargetDependency section */
		E7A74ED42DED9327006338F4 /* PBXTargetDependency */ = {
			isa = PBXTargetDependency;
			target = E7A74EC12DED9325006338F4 /* iOS_project */;
			targetProxy = E7A74ED32DED9327006338F4 /* PBXContainerItemProxy */;
		};
		E7A74EDE2DED9327006338F4 /* PBXTargetDependency */ = {
			isa = PBXTargetDependency;
			target = E7A74EC12DED9325006338F4 /* iOS_project */;
			targetProxy = E7A74EDD2DED9327006338F4 /* PBXContainerItemProxy */;
		};
/* End PBXTargetDependency section */

/* Begin XCBuildConfiguration section */
		E7A74EE42DED9327006338F4 /* Debug */ = {
			isa = XCBuildConfiguration;
			buildSettings = {
				ALWAYS_SEARCH_USER_PATHS = NO;
				ASSETCATALOG_COMPILER_GENERATE_SWIFT_ASSET_SYMBOL_EXTENSIONS = YES;
				CLANG_ANALYZER_NONNULL = YES;
				CLANG_ANALYZER_NUMBER_OBJECT_CONVERSION = YES_AGGRESSIVE;
				CLANG_CXX_LANGUAGE_STANDARD = "gnu++20";
				CLANG_ENABLE_MODULES = YES;
				CLANG_ENABLE_OBJC_ARC = YES;
				CLANG_ENABLE_OBJC_WEAK = YES;
				CLANG_WARN_BLOCK_CAPTURE_AUTORELEASING = YES;
				CLANG_WARN_BOOL_CONVERSION = YES;
				CLANG_WARN_COMMA = YES;
				CLANG_WARN_CONSTANT_CONVERSION = YES;
				CLANG_WARN_DEPRECATED_OBJC_IMPLEMENTATIONS = YES;
				CLANG_WARN_DIRECT_OBJC_ISA_USAGE = YES_ERROR;
				CLANG_WARN_DOCUMENTATION_COMMENTS = YES;
				CLANG_WARN_EMPTY_BODY = YES;
				CLANG_WARN_ENUM_CONVERSION = YES;
				CLANG_WARN_INFINITE_RECURSION = YES;
				CLANG_WARN_INT_CONVERSION = YES;
				CLANG_WARN_NON_LITERAL_NULL_CONVERSION = YES;
				CLANG_WARN_OBJC_IMPLICIT_RETAIN_SELF = YES;
				CLANG_WARN_OBJC_LITERAL_CONVERSION = YES;
				CLANG_WARN_OBJC_ROOT_CLASS = YES_ERROR;
				CLANG_WARN_QUOTED_INCLUDE_IN_FRAMEWORK_HEADER = YES;
				CLANG_WARN_RANGE_LOOP_ANALYSIS = YES;
				CLANG_WARN_STRICT_PROTOTYPES = YES;
				CLANG_WARN_SUSPICIOUS_MOVE = YES;
				CLANG_WARN_UNGUARDED_AVAILABILITY = YES_AGGRESSIVE;
				CLANG_WARN_UNREACHABLE_CODE = YES;
				CLANG_WARN__DUPLICATE_METHOD_MATCH = YES;
				COPY_PHASE_STRIP = NO;
				DEBUG_INFORMATION_FORMAT = dwarf;
				ENABLE_STRICT_OBJC_MSGSEND = YES;
				ENABLE_TESTABILITY = YES;
				ENABLE_USER_SCRIPT_SANDBOXING = YES;
				GCC_C_LANGUAGE_STANDARD = gnu17;
				GCC_DYNAMIC_NO_PIC = NO;
				GCC_NO_COMMON_BLOCKS = YES;
				GCC_OPTIMIZATION_LEVEL = 0;
				GCC_PREPROCESSOR_DEFINITIONS = (
					"DEBUG=1",
					"$(inherited)",
				);
				GCC_WARN_64_TO_32_BIT_CONVERSION = YES;
				GCC_WARN_ABOUT_RETURN_TYPE = YES_ERROR;
				GCC_WARN_UNDECLARED_SELECTOR = YES;
				GCC_WARN_UNINITIALIZED_AUTOS = YES_AGGRESSIVE;
				GCC_WARN_UNUSED_FUNCTION = YES;
				GCC_WARN_UNUSED_VARIABLE = YES;
				IPHONEOS_DEPLOYMENT_TARGET = 17.4;
				LOCALIZATION_PREFERS_STRING_CATALOGS = YES;
				MTL_ENABLE_DEBUG_INFO = INCLUDE_SOURCE;
				MTL_FAST_MATH = YES;
				ONLY_ACTIVE_ARCH = YES;
				SDKROOT = iphoneos;
				SWIFT_ACTIVE_COMPILATION_CONDITIONS = "DEBUG $(inherited)";
				SWIFT_OPTIMIZATION_LEVEL = "-Onone";
			};
			name = Debug;
		};
		E7A74EE52DED9327006338F4 /* Release */ = {
			isa = XCBuildConfiguration;
			buildSettings = {
				ALWAYS_SEARCH_USER_PATHS = NO;
				ASSETCATALOG_COMPILER_GENERATE_SWIFT_ASSET_SYMBOL_EXTENSIONS = YES;
				CLANG_ANALYZER_NONNULL = YES;
				CLANG_ANALYZER_NUMBER_OBJECT_CONVERSION = YES_AGGRESSIVE;
				CLANG_CXX_LANGUAGE_STANDARD = "gnu++20";
				CLANG_ENABLE_MODULES = YES;
				CLANG_ENABLE_OBJC_ARC = YES;
				CLANG_ENABLE_OBJC_WEAK = YES;
				CLANG_WARN_BLOCK_CAPTURE_AUTORELEASING = YES;
				CLANG_WARN_BOOL_CONVERSION = YES;
				CLANG_WARN_COMMA = YES;
				CLANG_WARN_CONSTANT_CONVERSION = YES;
				CLANG_WARN_DEPRECATED_OBJC_IMPLEMENTATIONS = YES;
				CLANG_WARN_DIRECT_OBJC_ISA_USAGE = YES_ERROR;
				CLANG_WARN_DOCUMENTATION_COMMENTS = YES;
				CLANG_WARN_EMPTY_BODY = YES;
				CLANG_WARN_ENUM_CONVERSION = YES;
				CLANG_WARN_INFINITE_RECURSION = YES;
				CLANG_WARN_INT_CONVERSION = YES;
				CLANG_WARN_NON_LITERAL_NULL_CONVERSION = YES;
				CLANG_WARN_OBJC_IMPLICIT_RETAIN_SELF = YES;
				CLANG_WARN_OBJC_LITERAL_CONVERSION = YES;
				CLANG_WARN_OBJC_ROOT_CLASS = YES_ERROR;
				CLANG_WARN_QUOTED_INCLUDE_IN_FRAMEWORK_HEADER = YES;
				CLANG_WARN_RANGE_LOOP_ANALYSIS = YES;
				CLANG_WARN_STRICT_PROTOTYPES = YES;
				CLANG_WARN_SUSPICIOUS_MOVE = YES;
				CLANG_WARN_UNGUARDED_AVAILABILITY = YES_AGGRESSIVE;
				CLANG_WARN_UNREACHABLE_CODE = YES;
				CLANG_WARN__DUPLICATE_METHOD_MATCH = YES;
				COPY_PHASE_STRIP = NO;
				DEBUG_INFORMATION_FORMAT = "dwarf-with-dsym";
				ENABLE_NS_ASSERTIONS = NO;
				ENABLE_STRICT_OBJC_MSGSEND = YES;
				ENABLE_USER_SCRIPT_SANDBOXING = YES;
				GCC_C_LANGUAGE_STANDARD = gnu17;
				GCC_NO_COMMON_BLOCKS = YES;
				GCC_WARN_64_TO_32_BIT_CONVERSION = YES;
				GCC_WARN_ABOUT_RETURN_TYPE = YES_ERROR;
				GCC_WARN_UNDECLARED_SELECTOR = YES;
				GCC_WARN_UNINITIALIZED_AUTOS = YES_AGGRESSIVE;
				GCC_WARN_UNUSED_FUNCTION = YES;
				GCC_WARN_UNUSED_VARIABLE = YES;
				IPHONEOS_DEPLOYMENT_TARGET = 17.4;
				LOCALIZATION_PREFERS_STRING_CATALOGS = YES;
				MTL_ENABLE_DEBUG_INFO = NO;
				MTL_FAST_MATH = YES;
				SDKROOT = iphoneos;
				SWIFT_COMPILATION_MODE = wholemodule;
				VALIDATE_PRODUCT = YES;
			};
			name = Release;
		};
		E7A74EE72DED9327006338F4 /* Debug */ = {
			isa = XCBuildConfiguration;
			buildSettings = {
				ASSETCATALOG_COMPILER_APPICON_NAME = AppIcon;
				ASSETCATALOG_COMPILER_GLOBAL_ACCENT_COLOR_NAME = AccentColor;
				CODE_SIGN_STYLE = Automatic;
				CURRENT_PROJECT_VERSION = 1;
				DEVELOPMENT_ASSET_PATHS = "\"iOS_project/Preview Content\"";
				ENABLE_PREVIEWS = YES;
				GENERATE_INFOPLIST_FILE = YES;
				INFOPLIST_KEY_UIApplicationSceneManifest_Generation = YES;
				INFOPLIST_KEY_UIApplicationSupportsIndirectInputEvents = YES;
				INFOPLIST_KEY_UILaunchScreen_Generation = YES;
				INFOPLIST_KEY_UISupportedInterfaceOrientations_iPad = "UIInterfaceOrientationPortrait UIInterfaceOrientationPortraitUpsideDown UIInterfaceOrientationLandscapeLeft UIInterfaceOrientationLandscapeRight";
				INFOPLIST_KEY_UISupportedInterfaceOrientations_iPhone = "UIInterfaceOrientationPortrait UIInterfaceOrientationLandscapeLeft UIInterfaceOrientationLandscapeRight";
				LD_RUNPATH_SEARCH_PATHS = (
					"$(inherited)",
					"@executable_path/Frameworks",
				);
				MARKETING_VERSION = 1.0;
				PRODUCT_BUNDLE_IDENTIFIER = "wndhks171.hansung.ac.kr.iOS-project";
				PRODUCT_NAME = "$(TARGET_NAME)";
				SWIFT_EMIT_LOC_STRINGS = YES;
				SWIFT_VERSION = 5.0;
				TARGETED_DEVICE_FAMILY = "1,2";
			};
			name = Debug;
		};
		E7A74EE82DED9327006338F4 /* Release */ = {
			isa = XCBuildConfiguration;
			buildSettings = {
				ASSETCATALOG_COMPILER_APPICON_NAME = AppIcon;
				ASSETCATALOG_COMPILER_GLOBAL_ACCENT_COLOR_NAME = AccentColor;
				CODE_SIGN_STYLE = Automatic;
				CURRENT_PROJECT_VERSION = 1;
				DEVELOPMENT_ASSET_PATHS = "\"iOS_project/Preview Content\"";
				ENABLE_PREVIEWS = YES;
				GENERATE_INFOPLIST_FILE = YES;
				INFOPLIST_KEY_UIApplicationSceneManifest_Generation = YES;
				INFOPLIST_KEY_UIApplicationSupportsIndirectInputEvents = YES;
				INFOPLIST_KEY_UILaunchScreen_Generation = YES;
				INFOPLIST_KEY_UISupportedInterfaceOrientations_iPad = "UIInterfaceOrientationPortrait UIInterfaceOrientationPortraitUpsideDown UIInterfaceOrientationLandscapeLeft UIInterfaceOrientationLandscapeRight";
				INFOPLIST_KEY_UISupportedInterfaceOrientations_iPhone = "UIInterfaceOrientationPortrait UIInterfaceOrientationLandscapeLeft UIInterfaceOrientationLandscapeRight";
				LD_RUNPATH_SEARCH_PATHS = (
					"$(inherited)",
					"@executable_path/Frameworks",
				);
				MARKETING_VERSION = 1.0;
				PRODUCT_BUNDLE_IDENTIFIER = "wndhks171.hansung.ac.kr.iOS-project";
				PRODUCT_NAME = "$(TARGET_NAME)";
				SWIFT_EMIT_LOC_STRINGS = YES;
				SWIFT_VERSION = 5.0;
				TARGETED_DEVICE_FAMILY = "1,2";
			};
			name = Release;
		};
		E7A74EEA2DED9327006338F4 /* Debug */ = {
			isa = XCBuildConfiguration;
			buildSettings = {
				ALWAYS_EMBED_SWIFT_STANDARD_LIBRARIES = YES;
				BUNDLE_LOADER = "$(TEST_HOST)";
				CODE_SIGN_STYLE = Automatic;
				CURRENT_PROJECT_VERSION = 1;
				GENERATE_INFOPLIST_FILE = YES;
				IPHONEOS_DEPLOYMENT_TARGET = 17.4;
				MARKETING_VERSION = 1.0;
				PRODUCT_BUNDLE_IDENTIFIER = "wndhks171.hansung.ac.kr.iOS-projectTests";
				PRODUCT_NAME = "$(TARGET_NAME)";
				SWIFT_EMIT_LOC_STRINGS = NO;
				SWIFT_VERSION = 5.0;
				TARGETED_DEVICE_FAMILY = "1,2";
				TEST_HOST = "$(BUILT_PRODUCTS_DIR)/iOS_project.app/$(BUNDLE_EXECUTABLE_FOLDER_PATH)/iOS_project";
			};
			name = Debug;
		};
		E7A74EEB2DED9327006338F4 /* Release */ = {
			isa = XCBuildConfiguration;
			buildSettings = {
				ALWAYS_EMBED_SWIFT_STANDARD_LIBRARIES = YES;
				BUNDLE_LOADER = "$(TEST_HOST)";
				CODE_SIGN_STYLE = Automatic;
				CURRENT_PROJECT_VERSION = 1;
				GENERATE_INFOPLIST_FILE = YES;
				IPHONEOS_DEPLOYMENT_TARGET = 17.4;
				MARKETING_VERSION = 1.0;
				PRODUCT_BUNDLE_IDENTIFIER = "wndhks171.hansung.ac.kr.iOS-projectTests";
				PRODUCT_NAME = "$(TARGET_NAME)";
				SWIFT_EMIT_LOC_STRINGS = NO;
				SWIFT_VERSION = 5.0;
				TARGETED_DEVICE_FAMILY = "1,2";
				TEST_HOST = "$(BUILT_PRODUCTS_DIR)/iOS_project.app/$(BUNDLE_EXECUTABLE_FOLDER_PATH)/iOS_project";
			};
			name = Release;
		};
		E7A74EED2DED9327006338F4 /* Debug */ = {
			isa = XCBuildConfiguration;
			buildSettings = {
				ALWAYS_EMBED_SWIFT_STANDARD_LIBRARIES = YES;
				CODE_SIGN_STYLE = Automatic;
				CURRENT_PROJECT_VERSION = 1;
				GENERATE_INFOPLIST_FILE = YES;
				MARKETING_VERSION = 1.0;
				PRODUCT_BUNDLE_IDENTIFIER = "wndhks171.hansung.ac.kr.iOS-projectUITests";
				PRODUCT_NAME = "$(TARGET_NAME)";
				SWIFT_EMIT_LOC_STRINGS = NO;
				SWIFT_VERSION = 5.0;
				TARGETED_DEVICE_FAMILY = "1,2";
				TEST_TARGET_NAME = iOS_project;
			};
			name = Debug;
		};
		E7A74EEE2DED9327006338F4 /* Release */ = {
			isa = XCBuildConfiguration;
			buildSettings = {
				ALWAYS_EMBED_SWIFT_STANDARD_LIBRARIES = YES;
				CODE_SIGN_STYLE = Automatic;
				CURRENT_PROJECT_VERSION = 1;
				GENERATE_INFOPLIST_FILE = YES;
				MARKETING_VERSION = 1.0;
				PRODUCT_BUNDLE_IDENTIFIER = "wndhks171.hansung.ac.kr.iOS-projectUITests";
				PRODUCT_NAME = "$(TARGET_NAME)";
				SWIFT_EMIT_LOC_STRINGS = NO;
				SWIFT_VERSION = 5.0;
				TARGETED_DEVICE_FAMILY = "1,2";
				TEST_TARGET_NAME = iOS_project;
			};
			name = Release;
		};
/* End XCBuildConfiguration section */

/* Begin XCConfigurationList section */
		E7A74EBD2DED9325006338F4 /* Build configuration list for PBXProject "iOS_project" */ = {
			isa = XCConfigurationList;
			buildConfigurations = (
				E7A74EE42DED9327006338F4 /* Debug */,
				E7A74EE52DED9327006338F4 /* Release */,
			);
			defaultConfigurationIsVisible = 0;
			defaultConfigurationName = Release;
		};
		E7A74EE62DED9327006338F4 /* Build configuration list for PBXNativeTarget "iOS_project" */ = {
			isa = XCConfigurationList;
			buildConfigurations = (
				E7A74EE72DED9327006338F4 /* Debug */,
				E7A74EE82DED9327006338F4 /* Release */,
			);
			defaultConfigurationIsVisible = 0;
			defaultConfigurationName = Release;
		};
		E7A74EE92DED9327006338F4 /* Build configuration list for PBXNativeTarget "iOS_projectTests" */ = {
			isa = XCConfigurationList;
			buildConfigurations = (
				E7A74EEA2DED9327006338F4 /* Debug */,
				E7A74EEB2DED9327006338F4 /* Release */,
			);
			defaultConfigurationIsVisible = 0;
			defaultConfigurationName = Release;
		};
		E7A74EEC2DED9327006338F4 /* Build configuration list for PBXNativeTarget "iOS_projectUITests" */ = {
			isa = XCConfigurationList;
			buildConfigurations = (
				E7A74EED2DED9327006338F4 /* Debug */,
				E7A74EEE2DED9327006338F4 /* Release */,
			);
			defaultConfigurationIsVisible = 0;
			defaultConfigurationName = Release;
		};
/* End XCConfigurationList section */
	};
	rootObject = E7A74EBA2DED9325006338F4 /* Project object */;
}
